
Microsoft Visual Studio Solution File, Format Version 12.00
# Visual Studio Version 16
VisualStudioVersion = 16.0.29806.167
MinimumVisualStudioVersion = 10.0.40219.1
Project("{FAE04EC0-301F-11D3-BF4B-00C04F79EFBC}") = "RulesPattern", "RulesPattern\RulesPattern.csproj", "{31196157-A587-4CF6-9429-2D6D1D5E5909}"
EndProject
Project("{FAE04EC0-301F-11D3-BF4B-00C04F79EFBC}") = "RulesPattern.Tests", "RulesPattern.Tests\RulesPattern.Tests.csproj", "{E2349AB6-5CC4-4E8A-9014-EF0CC86C1F5D}"
EndProject
Global
	GlobalSection(SolutionConfigurationPlatforms) = preSolution
		Debug|Any CPU = Debug|Any CPU
		Release|Any CPU = Release|Any CPU
	EndGlobalSection
	GlobalSection(ProjectConfigurationPlatforms) = postSolution
		{31196157-A587-4CF6-9429-2D6D1D5E5909}.Debug|Any CPU.ActiveCfg = Debug|Any CPU
		{31196157-A587-4CF6-9429-2D6D1D5E5909}.Debug|Any CPU.Build.0 = Debug|Any CPU
		{31196157-A587-4CF6-9429-2D6D1D5E5909}.Release|Any CPU.ActiveCfg = Release|Any CPU
		{31196157-A587-4CF6-9429-2D6D1D5E5909}.Release|Any CPU.Build.0 = Release|Any CPU
		{E2349AB6-5CC4-4E8A-9014-EF0CC86C1F5D}.Debug|Any CPU.ActiveCfg = Debug|Any CPU
		{E2349AB6-5CC4-4E8A-9014-EF0CC86C1F5D}.Debug|Any CPU.Build.0 = Debug|Any CPU
		{E2349AB6-5CC4-4E8A-9014-EF0CC86C1F5D}.Release|Any CPU.ActiveCfg = Release|Any CPU
		{E2349AB6-5CC4-4E8A-9014-EF0CC86C1F5D}.Release|Any CPU.Build.0 = Release|Any CPU
	EndGlobalSection
	GlobalSection(SolutionProperties) = preSolution
		HideSolutionNode = FALSE
	EndGlobalSection
	GlobalSection(ExtensibilityGlobals) = postSolution
		SolutionGuid = {0BBA4CDF-8BE4-49E2-A723-E6320C8D48AA}
	EndGlobalSection
EndGlobal
